
Microsoft Visual Studio Solution File, Format Version 12.00
# Visual Studio Version 16
VisualStudioVersion = 16.0.32413.511
MinimumVisualStudioVersion = 10.0.40219.1
Project("{FAE04EC0-301F-11D3-BF4B-00C04F79EFBC}") = "RestClient", "RestClient\RestClient.csproj", "{EE436C1D-691E-4C5B-A549-BF0060B076A8}"
EndProject
Global
	GlobalSection(SolutionConfigurationPlatforms) = preSolution
		Debug|Any CPU = Debug|Any CPU
		Release|Any CPU = Release|Any CPU
	EndGlobalSection
	GlobalSection(ProjectConfigurationPlatforms) = postSolution
		{EE436C1D-691E-4C5B-A549-BF0060B076A8}.Debug|Any CPU.ActiveCfg = Debug|Any CPU
		{EE436C1D-691E-4C5B-A549-BF0060B076A8}.Debug|Any CPU.Build.0 = Debug|Any CPU
		{EE436C1D-691E-4C5B-A549-BF0060B076A8}.Release|Any CPU.ActiveCfg = Release|Any CPU
		{EE436C1D-691E-4C5B-A549-BF0060B076A8}.Release|Any CPU.Build.0 = Release|Any CPU
	EndGlobalSection
	GlobalSection(SolutionProperties) = preSolution
		HideSolutionNode = FALSE
	EndGlobalSection
	GlobalSection(ExtensibilityGlobals) = postSolution
		SolutionGuid = {D8C3CF0A-60A8-41DA-BF42-2BEECEBBB3B7}
	EndGlobalSection
EndGlobal
