
Microsoft Visual Studio Solution File, Format Version 12.00
# Visual Studio Version 16
VisualStudioVersion = 16.0.32413.511
MinimumVisualStudioVersion = 10.0.40219.1
Project("{FAE04EC0-301F-11D3-BF4B-00C04F79EFBC}") = "RestAPI", "RestAPI\RestAPI.csproj", "{684E764D-8C6B-4FA7-9781-1E0D97D35BCD}"
EndProject
Global
	GlobalSection(SolutionConfigurationPlatforms) = preSolution
		Debug|Any CPU = Debug|Any CPU
		Release|Any CPU = Release|Any CPU
	EndGlobalSection
	GlobalSection(ProjectConfigurationPlatforms) = postSolution
		{684E764D-8C6B-4FA7-9781-1E0D97D35BCD}.Debug|Any CPU.ActiveCfg = Debug|Any CPU
		{684E764D-8C6B-4FA7-9781-1E0D97D35BCD}.Debug|Any CPU.Build.0 = Debug|Any CPU
		{684E764D-8C6B-4FA7-9781-1E0D97D35BCD}.Release|Any CPU.ActiveCfg = Release|Any CPU
		{684E764D-8C6B-4FA7-9781-1E0D97D35BCD}.Release|Any CPU.Build.0 = Release|Any CPU
	EndGlobalSection
	GlobalSection(SolutionProperties) = preSolution
		HideSolutionNode = FALSE
	EndGlobalSection
	GlobalSection(ExtensibilityGlobals) = postSolution
		SolutionGuid = {8E73722A-3003-4160-A883-5A25725D31CE}
	EndGlobalSection
EndGlobal
